
Microsoft Visual Studio Solution File, Format Version 12.00
# Visual Studio Version 16
VisualStudioVersion = 16.0.30611.23
MinimumVisualStudioVersion = 10.0.40219.1
Project("{8BC9CEB8-8B4A-11D0-8D11-00A0C91BC942}") = "OpenGL", "OpenGL\OpenGL.vcxproj", "{EE0FBE40-4F81-43E4-8F5F-54D01430C8A8}"
EndProject
Global
	GlobalSection(SolutionConfigurationPlatforms) = preSolution
		Debug|x64 = Debug|x64
		Debug|x86 = Debug|x86
		Release|x64 = Release|x64
		Release|x86 = Release|x86
	EndGlobalSection
	GlobalSection(ProjectConfigurationPlatforms) = postSolution
		{EE0FBE40-4F81-43E4-8F5F-54D01430C8A8}.Debug|x64.ActiveCfg = Debug|x64
		{EE0FBE40-4F81-43E4-8F5F-54D01430C8A8}.Debug|x64.Build.0 = Debug|x64
		{EE0FBE40-4F81-43E4-8F5F-54D01430C8A8}.Debug|x86.ActiveCfg = Debug|Win32
		{EE0FBE40-4F81-43E4-8F5F-54D01430C8A8}.Debug|x86.Build.0 = Debug|Win32
		{EE0FBE40-4F81-43E4-8F5F-54D01430C8A8}.Release|x64.ActiveCfg = Release|x64
		{EE0FBE40-4F81-43E4-8F5F-54D01430C8A8}.Release|x64.Build.0 = Release|x64
		{EE0FBE40-4F81-43E4-8F5F-54D01430C8A8}.Release|x86.ActiveCfg = Release|Win32
		{EE0FBE40-4F81-43E4-8F5F-54D01430C8A8}.Release|x86.Build.0 = Release|Win32
	EndGlobalSection
	GlobalSection(SolutionProperties) = preSolution
		HideSolutionNode = FALSE
	EndGlobalSection
	GlobalSection(ExtensibilityGlobals) = postSolution
		SolutionGuid = {3B52BE1C-9032-49E3-8648-9C5F39B7B0F8}
	EndGlobalSection
EndGlobal
